{
  "name": "mini-golf-trivia-server",
  "version": "1.0.0",
  "lockfileVersion": 2,
  "requires": true,
  "packages": {
    "": {
      "name": "mini-golf-trivia-server",
      "version": "1.0.0",
      "license": "WTFPL",
      "dependencies": {
        "array-shuffle": "^3.0.0",
        "csv-parse": "^5.3.0",
        "logging": "^3.3.0",
        "play-sound": "^1.1.5",
        "purdy": "^3.5.1",
        "ws": "^8.8.1"
      }
    },
    "node_modules/ansi-styles": {
      "version": "3.2.1",
      "resolved": "https://registry.npmjs.org/ansi-styles/-/ansi-styles-3.2.1.tgz",
      "integrity": "sha512-VT0ZI6kZRdTh8YyJw3SMbYm/u+NqfsAxEpWO0Pf9sq8/e94WxxOpPKx9FR1FlyCtOVDNOQ+8ntlqFxiRc+r5qA==",
      "dependencies": {
        "color-convert": "^1.9.0"
      },
      "engines": {
        "node": ">=4"
      }
    },
    "node_modules/array-shuffle": {
      "version": "3.0.0",
      "resolved": "https://registry.npmjs.org/array-shuffle/-/array-shuffle-3.0.0.tgz",
      "integrity": "sha512-rogEGxHOQPhslOhpg12LJkB+bbAl484/s2AJq0BxtzQDQfKl76fS2u9zWgg3p3b9ENcuvE7K8A7l5ddiPjCRnw==",
      "engines": {
        "node": ">=12.20"
      },
      "funding": {
        "url": "https://github.com/sponsors/sindresorhus"
      }
    },
    "node_modules/bossy": {
      "version": "3.0.4",
      "resolved": "https://registry.npmjs.org/bossy/-/bossy-3.0.4.tgz",
      "integrity": "sha512-kmr2xDwDRb/wQb5gLv/tFU5po4o/wqpoC+PkyTR0f96PMKoUqZJBN44Uurk6T+y1+Em46PYATWIagcPTcU0Zsg==",
      "deprecated": "This module has moved and is now available at @hapi/bossy. Please update your dependencies as this version is no longer maintained an may contain bugs and security issues.",
      "dependencies": {
        "hoek": "4.x.x",
        "joi": "10.x.x"
      },
      "engines": {
        "node": ">=4.0.0"
      }
    },
    "node_modules/bossy/node_modules/isemail": {
      "version": "2.2.1",
      "resolved": "https://registry.npmjs.org/isemail/-/isemail-2.2.1.tgz",
      "integrity": "sha512-LPjFxaTatluwGAJlGe4FtRdzg0a9KlXrahHoHAR4HwRNf90Ttwi6sOQ9zj+EoCPmk9yyK+WFUqkm0imUo8UJbw==",
      "engines": {
        "node": ">=4.0.0"
      }
    },
    "node_modules/bossy/node_modules/joi": {
      "version": "10.6.0",
      "resolved": "https://registry.npmjs.org/joi/-/joi-10.6.0.tgz",
      "integrity": "sha512-hBF3LcqyAid+9X/pwg+eXjD2QBZI5eXnBFJYaAkH4SK3mp9QSRiiQnDYlmlz5pccMvnLcJRS4whhDOTCkmsAdQ==",
      "deprecated": "This version has been deprecated in accordance with the hapi support policy (hapi.im/support). Please upgrade to the latest version to get the best features, bug fixes, and security patches. If you are unable to upgrade at this time, paid support is available for older versions (hapi.im/commercial).",
      "dependencies": {
        "hoek": "4.x.x",
        "isemail": "2.x.x",
        "items": "2.x.x",
        "topo": "2.x.x"
      },
      "engines": {
        "node": ">=4.0.0"
      }
    },
    "node_modules/chalk": {
      "version": "2.4.2",
      "resolved": "https://registry.npmjs.org/chalk/-/chalk-2.4.2.tgz",
      "integrity": "sha512-Mti+f9lpJNcwF4tWV8/OrTTtF1gZi+f8FqlyAdouralcFWFQWF2+NgCHShjkCb+IFBLq9buZwE1xckQU4peSuQ==",
      "dependencies": {
        "ansi-styles": "^3.2.1",
        "escape-string-regexp": "^1.0.5",
        "supports-color": "^5.3.0"
      },
      "engines": {
        "node": ">=4"
      }
    },
    "node_modules/color-convert": {
      "version": "1.9.3",
      "resolved": "https://registry.npmjs.org/color-convert/-/color-convert-1.9.3.tgz",
      "integrity": "sha512-QfAUtd+vFdAtFQcC8CCyYt1fYWxSqAiK2cSD6zDB8N3cpsEBAvRxp9zOGg6G/SHHJYAT88/az/IuDGALsNVbGg==",
      "dependencies": {
        "color-name": "1.1.3"
      }
    },
    "node_modules/color-name": {
      "version": "1.1.3",
      "resolved": "https://registry.npmjs.org/color-name/-/color-name-1.1.3.tgz",
      "integrity": "sha512-72fSenhMw2HZMTVHeCA9KCmpEIbzWiQsjN+BHcBbS9vr1mtt+vJjPdksIBNUmKAW8TFUDPJK5SUU3QhE9NEXDw=="
    },
    "node_modules/csv-parse": {
      "version": "5.3.0",
      "resolved": "https://registry.npmjs.org/csv-parse/-/csv-parse-5.3.0.tgz",
      "integrity": "sha512-UXJCGwvJ2fep39purtAn27OUYmxB1JQto+zhZ4QlJpzsirtSFbzLvip1aIgziqNdZp/TptvsKEV5BZSxe10/DQ=="
    },
    "node_modules/debug": {
      "version": "4.3.4",
      "resolved": "https://registry.npmjs.org/debug/-/debug-4.3.4.tgz",
      "integrity": "sha512-PRWFHuSU3eDtQJPvnNY7Jcket1j0t5OuOsFzPPzsekD52Zl8qUfFIPEiswXqIvHWGVHOgX+7G/vCNNhehwxfkQ==",
      "dependencies": {
        "ms": "2.1.2"
      },
      "engines": {
        "node": ">=6.0"
      },
      "peerDependenciesMeta": {
        "supports-color": {
          "optional": true
        }
      }
    },
    "node_modules/escape-string-regexp": {
      "version": "1.0.5",
      "resolved": "https://registry.npmjs.org/escape-string-regexp/-/escape-string-regexp-1.0.5.tgz",
      "integrity": "sha512-vbRorB5FUQWvla16U8R/qgaFIya2qGzwDrNmCZuYKrbdSUMG6I1ZCGQRefkRVhuOkIGVne7BQ35DSfo1qvJqFg==",
      "engines": {
        "node": ">=0.8.0"
      }
    },
    "node_modules/esutils": {
      "version": "2.0.3",
      "resolved": "https://registry.npmjs.org/esutils/-/esutils-2.0.3.tgz",
      "integrity": "sha512-kVscqXk4OCp68SZ0dkgEKVi6/8ij300KBWTJq32P/dYeWTSwK41WyTxalN1eRmA5Z9UU/LX9D7FWSmV9SAYx6g==",
      "engines": {
        "node": ">=0.10.0"
      }
    },
    "node_modules/find-exec": {
      "version": "1.0.2",
      "resolved": "https://registry.npmjs.org/find-exec/-/find-exec-1.0.2.tgz",
      "integrity": "sha512-/cs763F5i7Nm/aG+hjBv2nJB/Bl2w0tnuZd5bbfcV+WYapn8T4ez3B87H6MgvsmdheDkitj/rHi557wvE+XylQ=="
    },
    "node_modules/has-flag": {
      "version": "3.0.0",
      "resolved": "https://registry.npmjs.org/has-flag/-/has-flag-3.0.0.tgz",
      "integrity": "sha512-sKJf1+ceQBr4SMkvQnBDNDtf4TXpVhVGateu0t918bl30FnbE2m4vNLX+VWe/dpjlb+HugGYzW7uQXH98HPEYw==",
      "engines": {
        "node": ">=4"
      }
    },
    "node_modules/hoek": {
      "version": "4.2.1",
      "resolved": "https://registry.npmjs.org/hoek/-/hoek-4.2.1.tgz",
      "integrity": "sha512-QLg82fGkfnJ/4iy1xZ81/9SIJiq1NGFUMGs6ParyjBZr6jW2Ufj/snDqTHixNlHdPNwN2RLVD0Pi3igeK9+JfA==",
      "deprecated": "This version has been deprecated in accordance with the hapi support policy (hapi.im/support). Please upgrade to the latest version to get the best features, bug fixes, and security patches. If you are unable to upgrade at this time, paid support is available for older versions (hapi.im/commercial).",
      "engines": {
        "node": ">=4.0.0"
      }
    },
    "node_modules/isemail": {
      "version": "3.2.0",
      "resolved": "https://registry.npmjs.org/isemail/-/isemail-3.2.0.tgz",
      "integrity": "sha512-zKqkK+O+dGqevc93KNsbZ/TqTUFd46MwWjYOoMrjIMZ51eU7DtQG3Wmd9SQQT7i7RVnuTPEiYEWHU3MSbxC1Tg==",
      "dependencies": {
        "punycode": "2.x.x"
      },
      "engines": {
        "node": ">=4.0.0"
      }
    },
    "node_modules/items": {
      "version": "2.1.2",
      "resolved": "https://registry.npmjs.org/items/-/items-2.1.2.tgz",
      "integrity": "sha512-kezcEqgB97BGeZZYtX/MA8AG410ptURstvnz5RAgyFZ8wQFPMxHY8GpTq+/ZHKT3frSlIthUq7EvLt9xn3TvXg==",
      "deprecated": "This module has been deprecated in accordance with the hapi support policy (hapi.im/support). Please upgrade to the latest version of hapi to get the best features, bug fixes, and security patches. If you are unable to upgrade at this time, paid support is available for older versions (hapi.im/commercial)."
    },
    "node_modules/joi": {
      "version": "12.0.0",
      "resolved": "https://registry.npmjs.org/joi/-/joi-12.0.0.tgz",
      "integrity": "sha512-z0FNlV4NGgjQN1fdtHYXf5kmgludM65fG/JlXzU6+rwkt9U5UWuXVYnXa2FpK0u6+qBuCmrm5byPNuiiddAHvQ==",
      "deprecated": "This version has been deprecated in accordance with the hapi support policy (hapi.im/support). Please upgrade to the latest version to get the best features, bug fixes, and security patches. If you are unable to upgrade at this time, paid support is available for older versions (hapi.im/commercial).",
      "dependencies": {
        "hoek": "4.x.x",
        "isemail": "3.x.x",
        "topo": "2.x.x"
      },
      "engines": {
        "node": ">=4.0.0"
      }
    },
    "node_modules/logging": {
      "version": "3.3.0",
      "resolved": "https://registry.npmjs.org/logging/-/logging-3.3.0.tgz",
      "integrity": "sha512-Hnmu3KlGTbXMVS7ONjBpnjjiF9cBlK5qsmj77sOcqRkNpvO9ouUGPKe2PmBCWWYpKAbxb96b08cYEv4hiBk3lQ==",
      "dependencies": {
        "chalk": "^4.1.0",
        "debug": "^4.3.1",
        "nicely-format": "^1.1.0"
      },
      "engines": {
        "node": ">= 4"
      }
    },
    "node_modules/logging/node_modules/ansi-styles": {
      "version": "4.3.0",
      "resolved": "https://registry.npmjs.org/ansi-styles/-/ansi-styles-4.3.0.tgz",
      "integrity": "sha512-zbB9rCJAT1rbjiVDb2hqKFHNYLxgtk8NURxZ3IZwD3F6NtxbXZQCnnSi1Lkx+IDohdPlFp222wVALIheZJQSEg==",
      "dependencies": {
        "color-convert": "^2.0.1"
      },
      "engines": {
        "node": ">=8"
      },
      "funding": {
        "url": "https://github.com/chalk/ansi-styles?sponsor=1"
      }
    },
    "node_modules/logging/node_modules/chalk": {
      "version": "4.1.2",
      "resolved": "https://registry.npmjs.org/chalk/-/chalk-4.1.2.tgz",
      "integrity": "sha512-oKnbhFyRIXpUuez8iBMmyEa4nbj4IOQyuhc/wy9kY7/WVPcwIO9VA668Pu8RkO7+0G76SLROeyw9CpQ061i4mA==",
      "dependencies": {
        "ansi-styles": "^4.1.0",
        "supports-color": "^7.1.0"
      },
      "engines": {
        "node": ">=10"
      },
      "funding": {
        "url": "https://github.com/chalk/chalk?sponsor=1"
      }
    },
    "node_modules/logging/node_modules/color-convert": {
      "version": "2.0.1",
      "resolved": "https://registry.npmjs.org/color-convert/-/color-convert-2.0.1.tgz",
      "integrity": "sha512-RRECPsj7iu/xb5oKYcsFHSppFNnsj/52OVTRKb4zP5onXwVF3zVmmToNcOfGC+CRDpfK/U584fMg38ZHCaElKQ==",
      "dependencies": {
        "color-name": "~1.1.4"
      },
      "engines": {
        "node": ">=7.0.0"
      }
    },
    "node_modules/logging/node_modules/color-name": {
      "version": "1.1.4",
      "resolved": "https://registry.npmjs.org/color-name/-/color-name-1.1.4.tgz",
      "integrity": "sha512-dOy+3AuW3a2wNbZHIuMZpTcgjGuLU/uBL/ubcZF9OXbDo8ff4O8yVp5Bf0efS8uEoYo5q4Fx7dY9OgQGXgAsQA=="
    },
    "node_modules/logging/node_modules/has-flag": {
      "version": "4.0.0",
      "resolved": "https://registry.npmjs.org/has-flag/-/has-flag-4.0.0.tgz",
      "integrity": "sha512-EykJT/Q1KjTWctppgIAgfSO0tKVuZUjhgMr17kqTumMl6Afv3EISleU7qZUzoXDFTAHTDC4NOoG/ZxU3EvlMPQ==",
      "engines": {
        "node": ">=8"
      }
    },
    "node_modules/logging/node_modules/supports-color": {
      "version": "7.2.0",
      "resolved": "https://registry.npmjs.org/supports-color/-/supports-color-7.2.0.tgz",
      "integrity": "sha512-qpCAvRl9stuOHveKsn7HncJRvv501qIacKzQlO/+Lwxc9+0q2wLyv4Dfvt80/DPn2pqOBsJdDiogXGR9+OvwRw==",
      "dependencies": {
        "has-flag": "^4.0.0"
      },
      "engines": {
        "node": ">=8"
      }
    },
    "node_modules/ms": {
      "version": "2.1.2",
      "resolved": "https://registry.npmjs.org/ms/-/ms-2.1.2.tgz",
      "integrity": "sha512-sGkPx+VjMtmA6MX27oA4FBFELFCZZ4S4XqeGOXCv68tT+jb3vk/RyaKWP0PTKyWtmLSM0b+adUTEvbs1PEaH2w=="
    },
    "node_modules/nicely-format": {
      "version": "1.1.0",
      "resolved": "https://registry.npmjs.org/nicely-format/-/nicely-format-1.1.0.tgz",
      "integrity": "sha512-nZk4ea8ZeH6KKpfzhopC7sC0KeN2+QZQIxp2jvElndkyXuM3pJqB8I4fTypkWCyeKBJRLdQ1h/O2L48lS6S6gg==",
      "dependencies": {
        "ansi-styles": "^2.2.1",
        "esutils": "^2.0.2"
      }
    },
    "node_modules/nicely-format/node_modules/ansi-styles": {
      "version": "2.2.1",
      "resolved": "https://registry.npmjs.org/ansi-styles/-/ansi-styles-2.2.1.tgz",
      "integrity": "sha512-kmCevFghRiWM7HB5zTPULl4r9bVFSWjz62MhqizDGUrq2NWuNMQyuv4tHHoKJHs69M/MF64lEcHdYIocrdWQYA==",
      "engines": {
        "node": ">=0.10.0"
      }
    },
    "node_modules/play-sound": {
      "version": "1.1.5",
      "resolved": "https://registry.npmjs.org/play-sound/-/play-sound-1.1.5.tgz",
      "integrity": "sha512-gbdF1iLNyL5r9Ne9YwARGMkrvfR4EL9G1ZLtFPLkI2tQt0kkHw5CHM5E6Gl/lDuuk/Uj/O5Q29Bi08jMK4egbA==",
      "dependencies": {
        "find-exec": "1.0.2"
      }
    },
    "node_modules/punycode": {
      "version": "2.1.1",
      "resolved": "https://registry.npmjs.org/punycode/-/punycode-2.1.1.tgz",
      "integrity": "sha512-XRsRjdf+j5ml+y/6GKHPZbrF/8p2Yga0JPtdqTIY2Xe5ohJPD9saDJJLPvp9+NSBprVvevdXZybnj2cv8OEd0A==",
      "engines": {
        "node": ">=6"
      }
    },
    "node_modules/purdy": {
      "version": "3.5.1",
      "resolved": "https://registry.npmjs.org/purdy/-/purdy-3.5.1.tgz",
      "integrity": "sha512-2v+aHv71zgOES8odUqnlbxLq+p2TeM51CtKLaUKuedsKWI4atGHO7IlQyUJuVCUJ7gECJ936ugOiA3gtAxSNzQ==",
      "dependencies": {
        "bossy": "^3.0.4",
        "chalk": "^2.4.1",
        "joi": "^12.0.0"
      },
      "bin": {
        "purdy": "bin/purdy.js"
      }
    },
    "node_modules/supports-color": {
      "version": "5.5.0",
      "resolved": "https://registry.npmjs.org/supports-color/-/supports-color-5.5.0.tgz",
      "integrity": "sha512-QjVjwdXIt408MIiAqCX4oUKsgU2EqAGzs2Ppkm4aQYbjm+ZEWEcW4SfFNTr4uMNZma0ey4f5lgLrkB0aX0QMow==",
      "dependencies": {
        "has-flag": "^3.0.0"
      },
      "engines": {
        "node": ">=4"
      }
    },
    "node_modules/topo": {
      "version": "2.0.2",
      "resolved": "https://registry.npmjs.org/topo/-/topo-2.0.2.tgz",
      "integrity": "sha512-QMfJ9TC5lKcmLZImOZ/BTSWJeVbay7XK2nlzvFALW3BA5OkvBnbs0poku4EsRpDMndDVnM58EU/8D3ZcoVehWg==",
      "deprecated": "This version has been deprecated in accordance with the hapi support policy (hapi.im/support). Please upgrade to the latest version to get the best features, bug fixes, and security patches. If you are unable to upgrade at this time, paid support is available for older versions (hapi.im/commercial).",
      "dependencies": {
        "hoek": "4.x.x"
      },
      "engines": {
        "node": ">=4.0.0"
      }
    },
    "node_modules/ws": {
      "version": "8.8.1",
      "resolved": "https://registry.npmjs.org/ws/-/ws-8.8.1.tgz",
      "integrity": "sha512-bGy2JzvzkPowEJV++hF07hAD6niYSr0JzBNo/J29WsB57A2r7Wlc1UFcTR9IzrPvuNVO4B8LGqF8qcpsVOhJCA==",
      "engines": {
        "node": ">=10.0.0"
      },
      "peerDependencies": {
        "bufferutil": "^4.0.1",
        "utf-8-validate": "^5.0.2"
      },
      "peerDependenciesMeta": {
        "bufferutil": {
          "optional": true
        },
        "utf-8-validate": {
          "optional": true
        }
      }
    }
  },
  "dependencies": {
    "ansi-styles": {
      "version": "3.2.1",
      "resolved": "https://registry.npmjs.org/ansi-styles/-/ansi-styles-3.2.1.tgz",
      "integrity": "sha512-VT0ZI6kZRdTh8YyJw3SMbYm/u+NqfsAxEpWO0Pf9sq8/e94WxxOpPKx9FR1FlyCtOVDNOQ+8ntlqFxiRc+r5qA==",
      "requires": {
        "color-convert": "^1.9.0"
      }
    },
    "array-shuffle": {
      "version": "3.0.0",
      "resolved": "https://registry.npmjs.org/array-shuffle/-/array-shuffle-3.0.0.tgz",
      "integrity": "sha512-rogEGxHOQPhslOhpg12LJkB+bbAl484/s2AJq0BxtzQDQfKl76fS2u9zWgg3p3b9ENcuvE7K8A7l5ddiPjCRnw=="
    },
    "bossy": {
      "version": "3.0.4",
      "resolved": "https://registry.npmjs.org/bossy/-/bossy-3.0.4.tgz",
      "integrity": "sha512-kmr2xDwDRb/wQb5gLv/tFU5po4o/wqpoC+PkyTR0f96PMKoUqZJBN44Uurk6T+y1+Em46PYATWIagcPTcU0Zsg==",
      "requires": {
        "hoek": "4.x.x",
        "joi": "10.x.x"
      },
      "dependencies": {
        "isemail": {
          "version": "2.2.1",
          "resolved": "https://registry.npmjs.org/isemail/-/isemail-2.2.1.tgz",
          "integrity": "sha512-LPjFxaTatluwGAJlGe4FtRdzg0a9KlXrahHoHAR4HwRNf90Ttwi6sOQ9zj+EoCPmk9yyK+WFUqkm0imUo8UJbw=="
        },
        "joi": {
          "version": "10.6.0",
          "resolved": "https://registry.npmjs.org/joi/-/joi-10.6.0.tgz",
          "integrity": "sha512-hBF3LcqyAid+9X/pwg+eXjD2QBZI5eXnBFJYaAkH4SK3mp9QSRiiQnDYlmlz5pccMvnLcJRS4whhDOTCkmsAdQ==",
          "requires": {
            "hoek": "4.x.x",
            "isemail": "2.x.x",
            "items": "2.x.x",
            "topo": "2.x.x"
          }
        }
      }
    },
    "chalk": {
      "version": "2.4.2",
      "resolved": "https://registry.npmjs.org/chalk/-/chalk-2.4.2.tgz",
      "integrity": "sha512-Mti+f9lpJNcwF4tWV8/OrTTtF1gZi+f8FqlyAdouralcFWFQWF2+NgCHShjkCb+IFBLq9buZwE1xckQU4peSuQ==",
      "requires": {
        "ansi-styles": "^3.2.1",
        "escape-string-regexp": "^1.0.5",
        "supports-color": "^5.3.0"
      }
    },
    "color-convert": {
      "version": "1.9.3",
      "resolved": "https://registry.npmjs.org/color-convert/-/color-convert-1.9.3.tgz",
      "integrity": "sha512-QfAUtd+vFdAtFQcC8CCyYt1fYWxSqAiK2cSD6zDB8N3cpsEBAvRxp9zOGg6G/SHHJYAT88/az/IuDGALsNVbGg==",
      "requires": {
        "color-name": "1.1.3"
      }
    },
    "color-name": {
      "version": "1.1.3",
      "resolved": "https://registry.npmjs.org/color-name/-/color-name-1.1.3.tgz",
      "integrity": "sha512-72fSenhMw2HZMTVHeCA9KCmpEIbzWiQsjN+BHcBbS9vr1mtt+vJjPdksIBNUmKAW8TFUDPJK5SUU3QhE9NEXDw=="
    },
    "csv-parse": {
      "version": "5.3.0",
      "resolved": "https://registry.npmjs.org/csv-parse/-/csv-parse-5.3.0.tgz",
      "integrity": "sha512-UXJCGwvJ2fep39purtAn27OUYmxB1JQto+zhZ4QlJpzsirtSFbzLvip1aIgziqNdZp/TptvsKEV5BZSxe10/DQ=="
    },
    "debug": {
      "version": "4.3.4",
      "resolved": "https://registry.npmjs.org/debug/-/debug-4.3.4.tgz",
      "integrity": "sha512-PRWFHuSU3eDtQJPvnNY7Jcket1j0t5OuOsFzPPzsekD52Zl8qUfFIPEiswXqIvHWGVHOgX+7G/vCNNhehwxfkQ==",
      "requires": {
        "ms": "2.1.2"
      }
    },
    "escape-string-regexp": {
      "version": "1.0.5",
      "resolved": "https://registry.npmjs.org/escape-string-regexp/-/escape-string-regexp-1.0.5.tgz",
      "integrity": "sha512-vbRorB5FUQWvla16U8R/qgaFIya2qGzwDrNmCZuYKrbdSUMG6I1ZCGQRefkRVhuOkIGVne7BQ35DSfo1qvJqFg=="
    },
    "esutils": {
      "version": "2.0.3",
      "resolved": "https://registry.npmjs.org/esutils/-/esutils-2.0.3.tgz",
      "integrity": "sha512-kVscqXk4OCp68SZ0dkgEKVi6/8ij300KBWTJq32P/dYeWTSwK41WyTxalN1eRmA5Z9UU/LX9D7FWSmV9SAYx6g=="
    },
    "find-exec": {
      "version": "1.0.2",
      "resolved": "https://registry.npmjs.org/find-exec/-/find-exec-1.0.2.tgz",
      "integrity": "sha512-/cs763F5i7Nm/aG+hjBv2nJB/Bl2w0tnuZd5bbfcV+WYapn8T4ez3B87H6MgvsmdheDkitj/rHi557wvE+XylQ=="
    },
    "has-flag": {
      "version": "3.0.0",
      "resolved": "https://registry.npmjs.org/has-flag/-/has-flag-3.0.0.tgz",
      "integrity": "sha512-sKJf1+ceQBr4SMkvQnBDNDtf4TXpVhVGateu0t918bl30FnbE2m4vNLX+VWe/dpjlb+HugGYzW7uQXH98HPEYw=="
    },
    "hoek": {
      "version": "4.2.1",
      "resolved": "https://registry.npmjs.org/hoek/-/hoek-4.2.1.tgz",
      "integrity": "sha512-QLg82fGkfnJ/4iy1xZ81/9SIJiq1NGFUMGs6ParyjBZr6jW2Ufj/snDqTHixNlHdPNwN2RLVD0Pi3igeK9+JfA=="
    },
    "isemail": {
      "version": "3.2.0",
      "resolved": "https://registry.npmjs.org/isemail/-/isemail-3.2.0.tgz",
      "integrity": "sha512-zKqkK+O+dGqevc93KNsbZ/TqTUFd46MwWjYOoMrjIMZ51eU7DtQG3Wmd9SQQT7i7RVnuTPEiYEWHU3MSbxC1Tg==",
      "requires": {
        "punycode": "2.x.x"
      }
    },
    "items": {
      "version": "2.1.2",
      "resolved": "https://registry.npmjs.org/items/-/items-2.1.2.tgz",
      "integrity": "sha512-kezcEqgB97BGeZZYtX/MA8AG410ptURstvnz5RAgyFZ8wQFPMxHY8GpTq+/ZHKT3frSlIthUq7EvLt9xn3TvXg=="
    },
    "joi": {
      "version": "12.0.0",
      "resolved": "https://registry.npmjs.org/joi/-/joi-12.0.0.tgz",
      "integrity": "sha512-z0FNlV4NGgjQN1fdtHYXf5kmgludM65fG/JlXzU6+rwkt9U5UWuXVYnXa2FpK0u6+qBuCmrm5byPNuiiddAHvQ==",
      "requires": {
        "hoek": "4.x.x",
        "isemail": "3.x.x",
        "topo": "2.x.x"
      }
    },
    "logging": {
      "version": "3.3.0",
      "resolved": "https://registry.npmjs.org/logging/-/logging-3.3.0.tgz",
      "integrity": "sha512-Hnmu3KlGTbXMVS7ONjBpnjjiF9cBlK5qsmj77sOcqRkNpvO9ouUGPKe2PmBCWWYpKAbxb96b08cYEv4hiBk3lQ==",
      "requires": {
        "chalk": "^4.1.0",
        "debug": "^4.3.1",
        "nicely-format": "^1.1.0"
      },
      "dependencies": {
        "ansi-styles": {
          "version": "4.3.0",
          "resolved": "https://registry.npmjs.org/ansi-styles/-/ansi-styles-4.3.0.tgz",
          "integrity": "sha512-zbB9rCJAT1rbjiVDb2hqKFHNYLxgtk8NURxZ3IZwD3F6NtxbXZQCnnSi1Lkx+IDohdPlFp222wVALIheZJQSEg==",
          "requires": {
            "color-convert": "^2.0.1"
          }
        },
        "chalk": {
          "version": "4.1.2",
          "resolved": "https://registry.npmjs.org/chalk/-/chalk-4.1.2.tgz",
          "integrity": "sha512-oKnbhFyRIXpUuez8iBMmyEa4nbj4IOQyuhc/wy9kY7/WVPcwIO9VA668Pu8RkO7+0G76SLROeyw9CpQ061i4mA==",
          "requires": {
            "ansi-styles": "^4.1.0",
            "supports-color": "^7.1.0"
          }
        },
        "color-convert": {
          "version": "2.0.1",
          "resolved": "https://registry.npmjs.org/color-convert/-/color-convert-2.0.1.tgz",
          "integrity": "sha512-RRECPsj7iu/xb5oKYcsFHSppFNnsj/52OVTRKb4zP5onXwVF3zVmmToNcOfGC+CRDpfK/U584fMg38ZHCaElKQ==",
          "requires": {
            "color-name": "~1.1.4"
          }
        },
        "color-name": {
          "version": "1.1.4",
          "resolved": "https://registry.npmjs.org/color-name/-/color-name-1.1.4.tgz",
          "integrity": "sha512-dOy+3AuW3a2wNbZHIuMZpTcgjGuLU/uBL/ubcZF9OXbDo8ff4O8yVp5Bf0efS8uEoYo5q4Fx7dY9OgQGXgAsQA=="
        },
        "has-flag": {
          "version": "4.0.0",
          "resolved": "https://registry.npmjs.org/has-flag/-/has-flag-4.0.0.tgz",
          "integrity": "sha512-EykJT/Q1KjTWctppgIAgfSO0tKVuZUjhgMr17kqTumMl6Afv3EISleU7qZUzoXDFTAHTDC4NOoG/ZxU3EvlMPQ=="
        },
        "supports-color": {
          "version": "7.2.0",
          "resolved": "https://registry.npmjs.org/supports-color/-/supports-color-7.2.0.tgz",
          "integrity": "sha512-qpCAvRl9stuOHveKsn7HncJRvv501qIacKzQlO/+Lwxc9+0q2wLyv4Dfvt80/DPn2pqOBsJdDiogXGR9+OvwRw==",
          "requires": {
            "has-flag": "^4.0.0"
          }
        }
      }
    },
    "ms": {
      "version": "2.1.2",
      "resolved": "https://registry.npmjs.org/ms/-/ms-2.1.2.tgz",
      "integrity": "sha512-sGkPx+VjMtmA6MX27oA4FBFELFCZZ4S4XqeGOXCv68tT+jb3vk/RyaKWP0PTKyWtmLSM0b+adUTEvbs1PEaH2w=="
    },
    "nicely-format": {
      "version": "1.1.0",
      "resolved": "https://registry.npmjs.org/nicely-format/-/nicely-format-1.1.0.tgz",
      "integrity": "sha512-nZk4ea8ZeH6KKpfzhopC7sC0KeN2+QZQIxp2jvElndkyXuM3pJqB8I4fTypkWCyeKBJRLdQ1h/O2L48lS6S6gg==",
      "requires": {
        "ansi-styles": "^2.2.1",
        "esutils": "^2.0.2"
      },
      "dependencies": {
        "ansi-styles": {
          "version": "2.2.1",
          "resolved": "https://registry.npmjs.org/ansi-styles/-/ansi-styles-2.2.1.tgz",
          "integrity": "sha512-kmCevFghRiWM7HB5zTPULl4r9bVFSWjz62MhqizDGUrq2NWuNMQyuv4tHHoKJHs69M/MF64lEcHdYIocrdWQYA=="
        }
      }
    },
    "play-sound": {
      "version": "1.1.5",
      "resolved": "https://registry.npmjs.org/play-sound/-/play-sound-1.1.5.tgz",
      "integrity": "sha512-gbdF1iLNyL5r9Ne9YwARGMkrvfR4EL9G1ZLtFPLkI2tQt0kkHw5CHM5E6Gl/lDuuk/Uj/O5Q29Bi08jMK4egbA==",
      "requires": {
        "find-exec": "1.0.2"
      }
    },
    "punycode": {
      "version": "2.1.1",
      "resolved": "https://registry.npmjs.org/punycode/-/punycode-2.1.1.tgz",
      "integrity": "sha512-XRsRjdf+j5ml+y/6GKHPZbrF/8p2Yga0JPtdqTIY2Xe5ohJPD9saDJJLPvp9+NSBprVvevdXZybnj2cv8OEd0A=="
    },
    "purdy": {
      "version": "3.5.1",
      "resolved": "https://registry.npmjs.org/purdy/-/purdy-3.5.1.tgz",
      "integrity": "sha512-2v+aHv71zgOES8odUqnlbxLq+p2TeM51CtKLaUKuedsKWI4atGHO7IlQyUJuVCUJ7gECJ936ugOiA3gtAxSNzQ==",
      "requires": {
        "bossy": "^3.0.4",
        "chalk": "^2.4.1",
        "joi": "^12.0.0"
      }
    },
    "supports-color": {
      "version": "5.5.0",
      "resolved": "https://registry.npmjs.org/supports-color/-/supports-color-5.5.0.tgz",
      "integrity": "sha512-QjVjwdXIt408MIiAqCX4oUKsgU2EqAGzs2Ppkm4aQYbjm+ZEWEcW4SfFNTr4uMNZma0ey4f5lgLrkB0aX0QMow==",
      "requires": {
        "has-flag": "^3.0.0"
      }
    },
    "topo": {
      "version": "2.0.2",
      "resolved": "https://registry.npmjs.org/topo/-/topo-2.0.2.tgz",
      "integrity": "sha512-QMfJ9TC5lKcmLZImOZ/BTSWJeVbay7XK2nlzvFALW3BA5OkvBnbs0poku4EsRpDMndDVnM58EU/8D3ZcoVehWg==",
      "requires": {
        "hoek": "4.x.x"
      }
    },
    "ws": {
      "version": "8.8.1",
      "resolved": "https://registry.npmjs.org/ws/-/ws-8.8.1.tgz",
      "integrity": "sha512-bGy2JzvzkPowEJV++hF07hAD6niYSr0JzBNo/J29WsB57A2r7Wlc1UFcTR9IzrPvuNVO4B8LGqF8qcpsVOhJCA==",
      "requires": {}
    }
  }
}
